
Microsoft Visual Studio Solution File, Format Version 12.00
# Visual Studio 14
VisualStudioVersion = 14.0.25420.1
MinimumVisualStudioVersion = 10.0.40219.1
Project("{2150E333-8FDC-42A3-9474-1A3956D46DE8}") = "01.Fwk", "01.Fwk", "{B9B38853-4BCB-4E32-AF07-1D1A36272241}"
EndProject
Project("{2150E333-8FDC-42A3-9474-1A3956D46DE8}") = "02.Project", "02.Project", "{E723C51F-8CB4-49E2-AD95-B202E1C79CF5}"
EndProject
Project("{2150E333-8FDC-42A3-9474-1A3956D46DE8}") = "03.Test", "03.Test", "{7AD79809-BD00-4729-92CA-265BCDF84543}"
EndProject
Project("{FAE04EC0-301F-11D3-BF4B-00C04F79EFBC}") = "InfoTycoon.Fwk.Crosscutting.Thirdparty", "InfoTycoon.Fwk.Crosscutting.Thirdparty\InfoTycoon.Fwk.Crosscutting.Thirdparty.csproj", "{5DEA7A41-473D-43E5-9395-BD071E57CE53}"
EndProject
Project("{FAE04EC0-301F-11D3-BF4B-00C04F79EFBC}") = "InfoTycoon.Fwk.TestAutomation", "InfoTycoon.Fwk.TestAutomation\InfoTycoon.Fwk.TestAutomation.csproj", "{C0496855-809F-45CC-A5A7-0F5F7C2A9469}"
EndProject
Project("{FAE04EC0-301F-11D3-BF4B-00C04F79EFBC}") = "InfoTycoon.ProjectToTest", "InfoTycoon.ProjectToTest\InfoTycoon.ProjectToTest.csproj", "{2834DDBB-6E2C-464D-9364-FD6D5C4AF83E}"
EndProject
Project("{FAE04EC0-301F-11D3-BF4B-00C04F79EFBC}") = "InfoTycoon.Test.Example", "InfoTycoon.Test.Example\InfoTycoon.Test.Example.csproj", "{F7AFCB53-EF92-482E-A9AB-1E3DEE8D5D7D}"
EndProject
Project("{FAE04EC0-301F-11D3-BF4B-00C04F79EFBC}") = "Gurock.TestRail", "testrail-api\Gurock.TestRail.csproj", "{2162E7EE-ED4C-4C41-8E21-66976AB11D1A}"
EndProject
Global
	GlobalSection(SolutionConfigurationPlatforms) = preSolution
		Debug|Any CPU = Debug|Any CPU
		Release|Any CPU = Release|Any CPU
	EndGlobalSection
	GlobalSection(ProjectConfigurationPlatforms) = postSolution
		{5DEA7A41-473D-43E5-9395-BD071E57CE53}.Debug|Any CPU.ActiveCfg = Debug|Any CPU
		{5DEA7A41-473D-43E5-9395-BD071E57CE53}.Debug|Any CPU.Build.0 = Debug|Any CPU
		{5DEA7A41-473D-43E5-9395-BD071E57CE53}.Release|Any CPU.ActiveCfg = Release|Any CPU
		{5DEA7A41-473D-43E5-9395-BD071E57CE53}.Release|Any CPU.Build.0 = Release|Any CPU
		{C0496855-809F-45CC-A5A7-0F5F7C2A9469}.Debug|Any CPU.ActiveCfg = Debug|Any CPU
		{C0496855-809F-45CC-A5A7-0F5F7C2A9469}.Debug|Any CPU.Build.0 = Debug|Any CPU
		{C0496855-809F-45CC-A5A7-0F5F7C2A9469}.Release|Any CPU.ActiveCfg = Release|Any CPU
		{C0496855-809F-45CC-A5A7-0F5F7C2A9469}.Release|Any CPU.Build.0 = Release|Any CPU
		{2834DDBB-6E2C-464D-9364-FD6D5C4AF83E}.Debug|Any CPU.ActiveCfg = Debug|Any CPU
		{2834DDBB-6E2C-464D-9364-FD6D5C4AF83E}.Debug|Any CPU.Build.0 = Debug|Any CPU
		{2834DDBB-6E2C-464D-9364-FD6D5C4AF83E}.Release|Any CPU.ActiveCfg = Release|Any CPU
		{2834DDBB-6E2C-464D-9364-FD6D5C4AF83E}.Release|Any CPU.Build.0 = Release|Any CPU
		{F7AFCB53-EF92-482E-A9AB-1E3DEE8D5D7D}.Debug|Any CPU.ActiveCfg = Debug|Any CPU
		{F7AFCB53-EF92-482E-A9AB-1E3DEE8D5D7D}.Debug|Any CPU.Build.0 = Debug|Any CPU
		{F7AFCB53-EF92-482E-A9AB-1E3DEE8D5D7D}.Release|Any CPU.ActiveCfg = Release|Any CPU
		{F7AFCB53-EF92-482E-A9AB-1E3DEE8D5D7D}.Release|Any CPU.Build.0 = Release|Any CPU
		{2162E7EE-ED4C-4C41-8E21-66976AB11D1A}.Debug|Any CPU.ActiveCfg = Debug|Any CPU
		{2162E7EE-ED4C-4C41-8E21-66976AB11D1A}.Debug|Any CPU.Build.0 = Debug|Any CPU
		{2162E7EE-ED4C-4C41-8E21-66976AB11D1A}.Release|Any CPU.ActiveCfg = Release|Any CPU
		{2162E7EE-ED4C-4C41-8E21-66976AB11D1A}.Release|Any CPU.Build.0 = Release|Any CPU
	EndGlobalSection
	GlobalSection(SolutionProperties) = preSolution
		HideSolutionNode = FALSE
	EndGlobalSection
	GlobalSection(NestedProjects) = preSolution
		{5DEA7A41-473D-43E5-9395-BD071E57CE53} = {B9B38853-4BCB-4E32-AF07-1D1A36272241}
		{C0496855-809F-45CC-A5A7-0F5F7C2A9469} = {B9B38853-4BCB-4E32-AF07-1D1A36272241}
		{2834DDBB-6E2C-464D-9364-FD6D5C4AF83E} = {E723C51F-8CB4-49E2-AD95-B202E1C79CF5}
		{F7AFCB53-EF92-482E-A9AB-1E3DEE8D5D7D} = {7AD79809-BD00-4729-92CA-265BCDF84543}
		{2162E7EE-ED4C-4C41-8E21-66976AB11D1A} = {B9B38853-4BCB-4E32-AF07-1D1A36272241}
	EndGlobalSection
EndGlobal
